version = 1
revision = 2
requires-python = ">=3.12"

[[package]]
name = "grepo"
version = "0.1.0"
source = { virtual = "." }
dependencies = [
    { name = "pip" },
    { name = "tree-sitter" },
    { name = "uv" },
]

[package.metadata]
requires-dist = [
    { name = "pip", specifier = "==25.1.1" },
    { name = "tree-sitter", specifier = "==0.24.0" },
    { name = "uv", specifier = "==0.7.13" },
]

[[package]]
name = "pip"
version = "25.1.1"
source = { registry = "https://pypi.org/simple" }
sdist = { url = "https://files.pythonhosted.org/packages/59/de/241caa0ca606f2ec5fe0c1f4261b0465df78d786a38da693864a116c37f4/pip-25.1.1.tar.gz", hash = "sha256:3de45d411d308d5054c2168185d8da7f9a2cd753dbac8acbfa88a8909ecd9077", size = 1940155, upload-time = "2025-05-02T15:14:02.057Z" }
wheels = [
    { url = "https://files.pythonhosted.org/packages/29/a2/d40fb2460e883eca5199c62cfc2463fd261f760556ae6290f88488c362c0/pip-25.1.1-py3-none-any.whl", hash = "sha256:2913a38a2abf4ea6b64ab507bd9e967f3b53dc1ede74b01b0931e1ce548751af", size = 1825227, upload-time = "2025-05-02T15:13:59.102Z" },
]

[[package]]
name = "tree-sitter"
version = "0.24.0"
source = { registry = "https://pypi.org/simple" }
sdist = { url = "https://files.pythonhosted.org/packages/a7/a2/698b9d31d08ad5558f8bfbfe3a0781bd4b1f284e89bde3ad18e05101a892/tree-sitter-0.24.0.tar.gz", hash = "sha256:abd95af65ca2f4f7eca356343391ed669e764f37748b5352946f00f7fc78e734", size = 168304, upload-time = "2025-01-17T05:06:38.115Z" }
wheels = [
    { url = "https://files.pythonhosted.org/packages/e9/57/3a590f287b5aa60c07d5545953912be3d252481bf5e178f750db75572bff/tree_sitter-0.24.0-cp312-cp312-macosx_10_13_x86_64.whl", hash = "sha256:14beeff5f11e223c37be7d5d119819880601a80d0399abe8c738ae2288804afc", size = 140788, upload-time = "2025-01-17T05:06:08.492Z" },
    { url = "https://files.pythonhosted.org/packages/61/0b/fc289e0cba7dbe77c6655a4dd949cd23c663fd62a8b4d8f02f97e28d7fe5/tree_sitter-0.24.0-cp312-cp312-macosx_11_0_arm64.whl", hash = "sha256:26a5b130f70d5925d67b47db314da209063664585a2fd36fa69e0717738efaf4", size = 133945, upload-time = "2025-01-17T05:06:12.39Z" },
    { url = "https://files.pythonhosted.org/packages/86/d7/80767238308a137e0b5b5c947aa243e3c1e3e430e6d0d5ae94b9a9ffd1a2/tree_sitter-0.24.0-cp312-cp312-manylinux_2_17_aarch64.manylinux2014_aarch64.whl", hash = "sha256:5fc5c3c26d83c9d0ecb4fc4304fba35f034b7761d35286b936c1db1217558b4e", size = 564819, upload-time = "2025-01-17T05:06:13.549Z" },
    { url = "https://files.pythonhosted.org/packages/bf/b3/6c5574f4b937b836601f5fb556b24804b0a6341f2eb42f40c0e6464339f4/tree_sitter-0.24.0-cp312-cp312-manylinux_2_17_x86_64.manylinux2014_x86_64.whl", hash = "sha256:772e1bd8c0931c866b848d0369b32218ac97c24b04790ec4b0e409901945dd8e", size = 579303, upload-time = "2025-01-17T05:06:16.685Z" },
    { url = "https://files.pythonhosted.org/packages/0a/f4/bd0ddf9abe242ea67cca18a64810f8af230fc1ea74b28bb702e838ccd874/tree_sitter-0.24.0-cp312-cp312-musllinux_1_2_x86_64.whl", hash = "sha256:24a8dd03b0d6b8812425f3b84d2f4763322684e38baf74e5bb766128b5633dc7", size = 581054, upload-time = "2025-01-17T05:06:19.439Z" },
    { url = "https://files.pythonhosted.org/packages/8c/1c/ff23fa4931b6ef1bbeac461b904ca7e49eaec7e7e5398584e3eef836ec96/tree_sitter-0.24.0-cp312-cp312-win_amd64.whl", hash = "sha256:f9e8b1605ab60ed43803100f067eed71b0b0e6c1fb9860a262727dbfbbb74751", size = 120221, upload-time = "2025-01-17T05:06:20.654Z" },
    { url = "https://files.pythonhosted.org/packages/b2/2a/9979c626f303177b7612a802237d0533155bf1e425ff6f73cc40f25453e2/tree_sitter-0.24.0-cp312-cp312-win_arm64.whl", hash = "sha256:f733a83d8355fc95561582b66bbea92ffd365c5d7a665bc9ebd25e049c2b2abb", size = 108234, upload-time = "2025-01-17T05:06:21.713Z" },
    { url = "https://files.pythonhosted.org/packages/61/cd/2348339c85803330ce38cee1c6cbbfa78a656b34ff58606ebaf5c9e83bd0/tree_sitter-0.24.0-cp313-cp313-macosx_10_13_x86_64.whl", hash = "sha256:0d4a6416ed421c4210f0ca405a4834d5ccfbb8ad6692d4d74f7773ef68f92071", size = 140781, upload-time = "2025-01-17T05:06:22.82Z" },
    { url = "https://files.pythonhosted.org/packages/8b/a3/1ea9d8b64e8dcfcc0051028a9c84a630301290995cd6e947bf88267ef7b1/tree_sitter-0.24.0-cp313-cp313-macosx_11_0_arm64.whl", hash = "sha256:e0992d483677e71d5c5d37f30dfb2e3afec2f932a9c53eec4fca13869b788c6c", size = 133928, upload-time = "2025-01-17T05:06:25.146Z" },
    { url = "https://files.pythonhosted.org/packages/fe/ae/55c1055609c9428a4aedf4b164400ab9adb0b1bf1538b51f4b3748a6c983/tree_sitter-0.24.0-cp313-cp313-manylinux_2_17_aarch64.manylinux2014_aarch64.whl", hash = "sha256:57277a12fbcefb1c8b206186068d456c600dbfbc3fd6c76968ee22614c5cd5ad", size = 564497, upload-time = "2025-01-17T05:06:27.53Z" },
    { url = "https://files.pythonhosted.org/packages/ce/d0/f2ffcd04882c5aa28d205a787353130cbf84b2b8a977fd211bdc3b399ae3/tree_sitter-0.24.0-cp313-cp313-manylinux_2_17_x86_64.manylinux2014_x86_64.whl", hash = "sha256:d25fa22766d63f73716c6fec1a31ee5cf904aa429484256bd5fdf5259051ed74", size = 578917, upload-time = "2025-01-17T05:06:31.057Z" },
    { url = "https://files.pythonhosted.org/packages/af/82/aebe78ea23a2b3a79324993d4915f3093ad1af43d7c2208ee90be9273273/tree_sitter-0.24.0-cp313-cp313-musllinux_1_2_x86_64.whl", hash = "sha256:7d5d9537507e1c8c5fa9935b34f320bfec4114d675e028f3ad94f11cf9db37b9", size = 581148, upload-time = "2025-01-17T05:06:32.409Z" },
    { url = "https://files.pythonhosted.org/packages/a1/b4/6b0291a590c2b0417cfdb64ccb8ea242f270a46ed429c641fbc2bfab77e0/tree_sitter-0.24.0-cp313-cp313-win_amd64.whl", hash = "sha256:f58bb4956917715ec4d5a28681829a8dad5c342cafd4aea269f9132a83ca9b34", size = 120207, upload-time = "2025-01-17T05:06:34.841Z" },
    { url = "https://files.pythonhosted.org/packages/a8/18/542fd844b75272630229c9939b03f7db232c71a9d82aadc59c596319ea6a/tree_sitter-0.24.0-cp313-cp313-win_arm64.whl", hash = "sha256:23641bd25dcd4bb0b6fa91b8fb3f46cc9f1c9f475efe4d536d3f1f688d1b84c8", size = 108232, upload-time = "2025-01-17T05:06:35.831Z" },
]

[[package]]
name = "uv"
version = "0.7.13"
source = { registry = "https://pypi.org/simple" }
sdist = { url = "https://files.pythonhosted.org/packages/0f/08/1bcafa9077965de397d927f291827a77a915d75567b42c3ad6bb6a2e0bcd/uv-0.7.13.tar.gz", hash = "sha256:05f3c03c4ea55d294f3da725b6c2c2ff544754c18552da7594def4ec3889dcfb", size = 3308772, upload-time = "2025-06-12T22:23:10.377Z" }
wheels = [
    { url = "https://files.pythonhosted.org/packages/e9/4e/cdf97c831be960e13c7db28b6ba226e5bdbfee9a38f6099687c7a395ec52/uv-0.7.13-py3-none-linux_armv6l.whl", hash = "sha256:59915aec9fd2b845708a76ddc6c0639cfc99b6e2811854ea2425ee7552aff0e9", size = 17073615, upload-time = "2025-06-12T20:58:46.197Z" },
    { url = "https://files.pythonhosted.org/packages/6b/8f/27217e8a7a457bc9c068d99f2d860706649130755fa377306d75a326ce0b/uv-0.7.13-py3-none-macosx_10_12_x86_64.whl", hash = "sha256:9c457a84cfbe2019ba301e14edd3e1c950472abd0b87fc77622ab3fc475ba012", size = 17099887, upload-time = "2025-06-12T20:58:50.272Z" },
    { url = "https://files.pythonhosted.org/packages/46/c7/1d7ec2211732512ae43d7176242fea3eea1915c83565953014bbafcb6be2/uv-0.7.13-py3-none-macosx_11_0_arm64.whl", hash = "sha256:4f828174e15a557d3bc0f809de76135c3b66bcbf524657f8ced9d22fc978b89c", size = 15800953, upload-time = "2025-06-12T20:58:52.897Z" },
    { url = "https://files.pythonhosted.org/packages/d8/5b/81ea6ec50890a064b37d8f8dc097901768f73c747d965ffd96f1ebdfacea/uv-0.7.13-py3-none-manylinux_2_17_aarch64.manylinux2014_aarch64.musllinux_1_1_aarch64.whl", hash = "sha256:88fcf2bfbb53309531a850af50d2ea75874099b19d4159625d0b4f88c53494b9", size = 16355391, upload-time = "2025-06-12T20:58:55.146Z" },
    { url = "https://files.pythonhosted.org/packages/64/24/92a30049a74bf17c9c4ffbf36462c5ff593617c2d0b78efb3c9d55293746/uv-0.7.13-py3-none-manylinux_2_17_armv7l.manylinux2014_armv7l.whl", hash = "sha256:721b058064150fc1c6d88e277af093d1b4f8bb7a59546fe9969d9ff7dbe3f6fd", size = 16819352, upload-time = "2025-06-12T20:58:57.299Z" },
    { url = "https://files.pythonhosted.org/packages/74/fe/8b4de3addc375ba00bd1a515a79aaccbb3a600bc66c03e5fd159d6928066/uv-0.7.13-py3-none-manylinux_2_17_i686.manylinux2014_i686.whl", hash = "sha256:f28e70baadfebe71dcc2d9505059b988d75e903fc62258b102eb87dc4b6994a3", size = 17518852, upload-time = "2025-06-12T20:58:59.538Z" },
    { url = "https://files.pythonhosted.org/packages/09/73/e9c14c6aba0316da7fe30b0dac4f8f6d1155d0422dcff1138b85f4eb4c08/uv-0.7.13-py3-none-manylinux_2_17_ppc64.manylinux2014_ppc64.whl", hash = "sha256:9d2952a1e74c7027347c74cee1cb2be09121a5290db38498b8b17ff585f73748", size = 18405034, upload-time = "2025-06-12T20:59:01.747Z" },
    { url = "https://files.pythonhosted.org/packages/9d/62/a2f4147fa2714ce765104e2984abcdaa0605725b10ca70bee7de4a1ba88c/uv-0.7.13-py3-none-manylinux_2_17_ppc64le.manylinux2014_ppc64le.whl", hash = "sha256:a51006c7574e819308d92a3452b22d5bd45ef8593a4983b5856aa7cb8220885f", size = 18120055, upload-time = "2025-06-12T20:59:03.997Z" },
    { url = "https://files.pythonhosted.org/packages/9c/b2/f4381c1aa4d3d13ff36359e4176cd34d1da1548ba2a6c763a953b282ede0/uv-0.7.13-py3-none-manylinux_2_17_s390x.manylinux2014_s390x.whl", hash = "sha256:33837aca7bdf02d47554d5d44f9e71756ee17c97073b07b4afead25309855bc7", size = 18283737, upload-time = "2025-06-12T20:59:06.437Z" },
    { url = "https://files.pythonhosted.org/packages/d8/ef/f2e96cec5e4cf65d7fde89b5dcf9540ddacf42e8e39de2fa0332614e55a8/uv-0.7.13-py3-none-manylinux_2_17_x86_64.manylinux2014_x86_64.whl", hash = "sha256:5786a29e286f2cc3cbda13a357fd9a4dd5bf1d7448a9d3d842b26b4f784a3a86", size = 17755308, upload-time = "2025-06-12T20:59:08.837Z" },
    { url = "https://files.pythonhosted.org/packages/34/6d/d7a1af8ece6d5cac5287d00e15b9650eb9d3203606add4cd035009d52de6/uv-0.7.13-py3-none-manylinux_2_28_aarch64.whl", hash = "sha256:1afdbfcabc3425b383141ba42d413841c0a48b9ee0f4da65459313275e3cea84", size = 16611463, upload-time = "2025-06-12T20:59:10.971Z" },
    { url = "https://files.pythonhosted.org/packages/b4/e8/27294e3067295db8f54dbe8a1f64b6e3000adc1cba29f953c440bc184a5d/uv-0.7.13-py3-none-musllinux_1_1_armv7l.whl", hash = "sha256:866cad0d04a7de1aaa3c5cbef203f9d3feef9655972dcccc3283d60122db743b", size = 16759459, upload-time = "2025-06-12T22:22:44.278Z" },
    { url = "https://files.pythonhosted.org/packages/94/6a/36f055eb1b9a44d60eed9a5aa93cf0f23660a19ab07a5ef085331dd9fc0a/uv-0.7.13-py3-none-musllinux_1_1_i686.whl", hash = "sha256:527a12d0c2f4d15f72b275b6f4561ae92af76dd59b4624796fddd45867f13c33", size = 17108780, upload-time = "2025-06-12T22:22:48.412Z" },
    { url = "https://files.pythonhosted.org/packages/11/c1/0f09c0de0896d04b4bb81bdd7833643f055e8a5c2c04f8a2ddf3a74453d8/uv-0.7.13-py3-none-musllinux_1_1_x86_64.whl", hash = "sha256:4efa555b217e15767f0691a51d435f7bb2b0bf473fdfd59f173aeda8a93b8d17", size = 17900498, upload-time = "2025-06-12T22:22:50.93Z" },
    { url = "https://files.pythonhosted.org/packages/ce/6f/ee435b4ec3903617b5f592c0077ef0c1e22c41e2ab872be2134b223aabb2/uv-0.7.13-py3-none-win32.whl", hash = "sha256:b1af81e57d098b21b28f42ec756f0e26dce2341d59ba4e4f11759bc3ca2c0a99", size = 17329841, upload-time = "2025-06-12T22:22:57.517Z" },
    { url = "https://files.pythonhosted.org/packages/af/05/c16e2b9369d440e3c85439257bd679c3a92bdd248015238a8848941828f6/uv-0.7.13-py3-none-win_amd64.whl", hash = "sha256:8c0c29a2089ff9011d6c3abccd272f3ee6d0e166dae9e5232099fd83d26104d9", size = 18820166, upload-time = "2025-06-12T22:23:05.224Z" },
    { url = "https://files.pythonhosted.org/packages/4b/ac/68fd18d5190515f9ddb31cc2f14e21d1b38bee721ece2d43c42e13646fa3/uv-0.7.13-py3-none-win_arm64.whl", hash = "sha256:e077dcac19e564cae8b4223b7807c2f617a59938f8142ca77fc6348ae9c6d0aa", size = 17456260, upload-time = "2025-06-12T22:23:08.227Z" },
]
